// !$*UTF8*$!
{
	archiveVersion = 1;
	classes = {
	};
	objectVersion = 48;
	objects = {

/* Begin PBXBuildFile section */
		811E41081FFB130200E1250A /* AppDelegate.swift in Sources */ = {isa = PBXBuildFile; fileRef = 811E41071FFB130200E1250A /* AppDelegate.swift */; };
		811E410A1FFB130200E1250A /* ViewController.swift in Sources */ = {isa = PBXBuildFile; fileRef = 811E41091FFB130200E1250A /* ViewController.swift */; };
		811E410D1FFB130200E1250A /* Main.storyboard in Resources */ = {isa = PBXBuildFile; fileRef = 811E410B1FFB130200E1250A /* Main.storyboard */; };
		811E410F1FFB130200E1250A /* Assets.xcassets in Resources */ = {isa = PBXBuildFile; fileRef = 811E410E1FFB130200E1250A /* Assets.xcassets */; };
		811E41121FFB130200E1250A /* LaunchScreen.storyboard in Resources */ = {isa = PBXBuildFile; fileRef = 811E41101FFB130200E1250A /* LaunchScreen.storyboard */; };
		811E411D1FFB130200E1250A /* SurfaceCribTests.swift in Sources */ = {isa = PBXBuildFile; fileRef = 811E411C1FFB130200E1250A /* SurfaceCribTests.swift */; };
		811E412F1FFB153500E1250A /* Bicubic.swift in Sources */ = {isa = PBXBuildFile; fileRef = 811E41271FFB153400E1250A /* Bicubic.swift */; };
		811E41301FFB153500E1250A /* Easel.swift in Sources */ = {isa = PBXBuildFile; fileRef = 811E41281FFB153400E1250A /* Easel.swift */; };
		811E41311FFB153500E1250A /* Cubic.swift in Sources */ = {isa = PBXBuildFile; fileRef = 811E41291FFB153400E1250A /* Cubic.swift */; };
		811E41321FFB153500E1250A /* CoincidentPlanesError.swift in Sources */ = {isa = PBXBuildFile; fileRef = 811E412A1FFB153400E1250A /* CoincidentPlanesError.swift */; };
		811E41331FFB153500E1250A /* CoincidentLinesError.swift in Sources */ = {isa = PBXBuildFile; fileRef = 811E412B1FFB153400E1250A /* CoincidentLinesError.swift */; };
		811E41341FFB153500E1250A /* IdenticalVectorError.swift in Sources */ = {isa = PBXBuildFile; fileRef = 811E412C1FFB153400E1250A /* IdenticalVectorError.swift */; };
		811E41351FFB153500E1250A /* CoordinateSystem.swift in Sources */ = {isa = PBXBuildFile; fileRef = 811E412D1FFB153500E1250A /* CoordinateSystem.swift */; };
		811E41361FFB153500E1250A /* CoincidentPointsError.swift in Sources */ = {isa = PBXBuildFile; fileRef = 811E412E1FFB153500E1250A /* CoincidentPointsError.swift */; };
		811E41391FFB154200E1250A /* ArcPointsError.swift in Sources */ = {isa = PBXBuildFile; fileRef = 811E41371FFB154200E1250A /* ArcPointsError.swift */; };
		811E414E1FFB155400E1250A /* NonCoPlanarLinesError.swift in Sources */ = {isa = PBXBuildFile; fileRef = 811E413C1FFB155200E1250A /* NonCoPlanarLinesError.swift */; };
		811E414F1FFB155400E1250A /* ParallelError.swift in Sources */ = {isa = PBXBuildFile; fileRef = 811E413D1FFB155200E1250A /* ParallelError.swift */; };
		811E41501FFB155400E1250A /* ParallelPlanesError.swift in Sources */ = {isa = PBXBuildFile; fileRef = 811E413E1FFB155200E1250A /* ParallelPlanesError.swift */; };
		811E41511FFB155400E1250A /* Transform.swift in Sources */ = {isa = PBXBuildFile; fileRef = 811E413F1FFB155200E1250A /* Transform.swift */; };
		811E41521FFB155400E1250A /* NonUnitDirectionError.swift in Sources */ = {isa = PBXBuildFile; fileRef = 811E41401FFB155200E1250A /* NonUnitDirectionError.swift */; };
		811E41531FFB155400E1250A /* Point3D.swift in Sources */ = {isa = PBXBuildFile; fileRef = 811E41411FFB155200E1250A /* Point3D.swift */; };
		811E41541FFB155400E1250A /* PointSurf.swift in Sources */ = {isa = PBXBuildFile; fileRef = 811E41421FFB155300E1250A /* PointSurf.swift */; };
		811E41551FFB155400E1250A /* NonOrthogonalCSYSError.swift in Sources */ = {isa = PBXBuildFile; fileRef = 811E41431FFB155300E1250A /* NonOrthogonalCSYSError.swift */; };
		811E41561FFB155400E1250A /* LineSeg.swift in Sources */ = {isa = PBXBuildFile; fileRef = 811E41441FFB155300E1250A /* LineSeg.swift */; };
		811E41571FFB155400E1250A /* ParallelLinesError.swift in Sources */ = {isa = PBXBuildFile; fileRef = 811E41451FFB155300E1250A /* ParallelLinesError.swift */; };
		811E41581FFB155400E1250A /* Plane.swift in Sources */ = {isa = PBXBuildFile; fileRef = 811E41461FFB155300E1250A /* Plane.swift */; };
		811E41591FFB155400E1250A /* SurfaceInputError.swift in Sources */ = {isa = PBXBuildFile; fileRef = 811E41471FFB155300E1250A /* SurfaceInputError.swift */; };
		811E415A1FFB155400E1250A /* OrthoVol.swift in Sources */ = {isa = PBXBuildFile; fileRef = 811E41481FFB155300E1250A /* OrthoVol.swift */; };
		811E415B1FFB155400E1250A /* PenTypes.swift in Sources */ = {isa = PBXBuildFile; fileRef = 811E41491FFB155300E1250A /* PenTypes.swift */; };
		811E415C1FFB155400E1250A /* Vector3D.swift in Sources */ = {isa = PBXBuildFile; fileRef = 811E414A1FFB155400E1250A /* Vector3D.swift */; };
		811E415D1FFB155400E1250A /* Line.swift in Sources */ = {isa = PBXBuildFile; fileRef = 811E414B1FFB155400E1250A /* Line.swift */; };
		811E415E1FFB155400E1250A /* PenCurve.swift in Sources */ = {isa = PBXBuildFile; fileRef = 811E414C1FFB155400E1250A /* PenCurve.swift */; };
		811E41601FFB156100E1250A /* ZeroVectorError.swift in Sources */ = {isa = PBXBuildFile; fileRef = 811E415F1FFB156100E1250A /* ZeroVectorError.swift */; };
		811E41621FFB15E900E1250A /* ParameterRangeErrorDos.swift in Sources */ = {isa = PBXBuildFile; fileRef = 811E41611FFB15E900E1250A /* ParameterRangeErrorDos.swift */; };
		811E41641FFB15F500E1250A /* Sculpt.swift in Sources */ = {isa = PBXBuildFile; fileRef = 811E41631FFB15F400E1250A /* Sculpt.swift */; };
		811E41661FFB178E00E1250A /* Mesh.swift in Sources */ = {isa = PBXBuildFile; fileRef = 811E41651FFB178D00E1250A /* Mesh.swift */; };
		811E41681FFB1AD600E1250A /* writeSTL.swift in Sources */ = {isa = PBXBuildFile; fileRef = 811E41671FFB1AD600E1250A /* writeSTL.swift */; };
		811E416A1FFB1D1100E1250A /* EdgeShare.swift in Sources */ = {isa = PBXBuildFile; fileRef = 811E41691FFB1D1100E1250A /* EdgeShare.swift */; };
		811E416C1FFB1D1900E1250A /* Facet.swift in Sources */ = {isa = PBXBuildFile; fileRef = 811E416B1FFB1D1900E1250A /* Facet.swift */; };
		811E416E1FFB1D3000E1250A /* TriangleError.swift in Sources */ = {isa = PBXBuildFile; fileRef = 811E416D1FFB1D2F00E1250A /* TriangleError.swift */; };
		811E41701FFB204900E1250A /* EdgeOverflowError.swift in Sources */ = {isa = PBXBuildFile; fileRef = 811E416F1FFB204900E1250A /* EdgeOverflowError.swift */; };
		811E41721FFB26EF00E1250A /* BicubicTests.swift in Sources */ = {isa = PBXBuildFile; fileRef = 811E41711FFB26EF00E1250A /* BicubicTests.swift */; };
		811E41751FFB4E8800E1250A /* SurfTypes.swift in Sources */ = {isa = PBXBuildFile; fileRef = 811E41741FFB4E8800E1250A /* SurfTypes.swift */; };
		811E41761FFB4E8800E1250A /* SurfTypes.swift in Sources */ = {isa = PBXBuildFile; fileRef = 811E41741FFB4E8800E1250A /* SurfTypes.swift */; };
		811E41771FFC669E00E1250A /* Point3D.swift in Sources */ = {isa = PBXBuildFile; fileRef = 811E41411FFB155200E1250A /* Point3D.swift */; };
		811E41781FFC66AE00E1250A /* Vector3D.swift in Sources */ = {isa = PBXBuildFile; fileRef = 811E414A1FFB155400E1250A /* Vector3D.swift */; };
		811E41791FFC66B500E1250A /* LineSeg.swift in Sources */ = {isa = PBXBuildFile; fileRef = 811E41441FFB155300E1250A /* LineSeg.swift */; };
		811E417A1FFC66D000E1250A /* PenCurve.swift in Sources */ = {isa = PBXBuildFile; fileRef = 811E414C1FFB155400E1250A /* PenCurve.swift */; };
		811E417B1FFC66D500E1250A /* PenTypes.swift in Sources */ = {isa = PBXBuildFile; fileRef = 811E41491FFB155300E1250A /* PenTypes.swift */; };
		811E417C1FFC66DE00E1250A /* CoincidentPointsError.swift in Sources */ = {isa = PBXBuildFile; fileRef = 811E412E1FFB153500E1250A /* CoincidentPointsError.swift */; };
		811E417D1FFC66F800E1250A /* Line.swift in Sources */ = {isa = PBXBuildFile; fileRef = 811E414B1FFB155400E1250A /* Line.swift */; };
		811E417E1FFC66FE00E1250A /* OrthoVol.swift in Sources */ = {isa = PBXBuildFile; fileRef = 811E41481FFB155300E1250A /* OrthoVol.swift */; };
		811E417F1FFC670400E1250A /* Transform.swift in Sources */ = {isa = PBXBuildFile; fileRef = 811E413F1FFB155200E1250A /* Transform.swift */; };
		811E41801FFC673700E1250A /* Bicubic.swift in Sources */ = {isa = PBXBuildFile; fileRef = 811E41271FFB153400E1250A /* Bicubic.swift */; };
		811E41811FFC675400E1250A /* PointSurf.swift in Sources */ = {isa = PBXBuildFile; fileRef = 811E41421FFB155300E1250A /* PointSurf.swift */; };
		811E41821FFC676100E1250A /* SurfaceInputError.swift in Sources */ = {isa = PBXBuildFile; fileRef = 811E41471FFB155300E1250A /* SurfaceInputError.swift */; };
		811E41831FFC676700E1250A /* ParameterRangeErrorDos.swift in Sources */ = {isa = PBXBuildFile; fileRef = 811E41611FFB15E900E1250A /* ParameterRangeErrorDos.swift */; };
		811E41841FFC677E00E1250A /* ZeroVectorError.swift in Sources */ = {isa = PBXBuildFile; fileRef = 811E415F1FFB156100E1250A /* ZeroVectorError.swift */; };
		811E41851FFC678300E1250A /* IdenticalVectorError.swift in Sources */ = {isa = PBXBuildFile; fileRef = 811E412C1FFB153400E1250A /* IdenticalVectorError.swift */; };
		811E41861FFC67A100E1250A /* NonUnitDirectionError.swift in Sources */ = {isa = PBXBuildFile; fileRef = 811E41401FFB155200E1250A /* NonUnitDirectionError.swift */; };
		811E41871FFC67DD00E1250A /* ArcPointsError.swift in Sources */ = {isa = PBXBuildFile; fileRef = 811E41371FFB154200E1250A /* ArcPointsError.swift */; };
		811E41881FFC67E100E1250A /* CoincidentLinesError.swift in Sources */ = {isa = PBXBuildFile; fileRef = 811E412B1FFB153400E1250A /* CoincidentLinesError.swift */; };
		811E41891FFC67E500E1250A /* CoincidentPlanesError.swift in Sources */ = {isa = PBXBuildFile; fileRef = 811E412A1FFB153400E1250A /* CoincidentPlanesError.swift */; };
		811E418A1FFC67F900E1250A /* CoordinateSystem.swift in Sources */ = {isa = PBXBuildFile; fileRef = 811E412D1FFB153500E1250A /* CoordinateSystem.swift */; };
		811E418B1FFC680100E1250A /* EdgeOverflowError.swift in Sources */ = {isa = PBXBuildFile; fileRef = 811E416F1FFB204900E1250A /* EdgeOverflowError.swift */; };
		811E418C1FFC680600E1250A /* NonCoPlanarLinesError.swift in Sources */ = {isa = PBXBuildFile; fileRef = 811E413C1FFB155200E1250A /* NonCoPlanarLinesError.swift */; };
		811E418D1FFC680B00E1250A /* NonOrthogonalCSYSError.swift in Sources */ = {isa = PBXBuildFile; fileRef = 811E41431FFB155300E1250A /* NonOrthogonalCSYSError.swift */; };
		811E418E1FFC681100E1250A /* ParallelError.swift in Sources */ = {isa = PBXBuildFile; fileRef = 811E413D1FFB155200E1250A /* ParallelError.swift */; };
		811E418F1FFC681600E1250A /* ParallelLinesError.swift in Sources */ = {isa = PBXBuildFile; fileRef = 811E41451FFB155300E1250A /* ParallelLinesError.swift */; };
		811E41901FFC681C00E1250A /* ParallelPlanesError.swift in Sources */ = {isa = PBXBuildFile; fileRef = 811E413E1FFB155200E1250A /* ParallelPlanesError.swift */; };
		811E41911FFC682200E1250A /* TriangleError.swift in Sources */ = {isa = PBXBuildFile; fileRef = 811E416D1FFB1D2F00E1250A /* TriangleError.swift */; };
		811E41921FFC683700E1250A /* Plane.swift in Sources */ = {isa = PBXBuildFile; fileRef = 811E41461FFB155300E1250A /* Plane.swift */; };
		81483C8120A4C13B00D1D852 /* ExtentUV.swift in Sources */ = {isa = PBXBuildFile; fileRef = 81483C8020A4C13B00D1D852 /* ExtentUV.swift */; };
		81483C8220A4C13B00D1D852 /* ExtentUV.swift in Sources */ = {isa = PBXBuildFile; fileRef = 81483C8020A4C13B00D1D852 /* ExtentUV.swift */; };
		81483C8420A659A000D1D852 /* ConvergenceError.swift in Sources */ = {isa = PBXBuildFile; fileRef = 81483C8320A6599F00D1D852 /* ConvergenceError.swift */; };
		81483C8520A659A000D1D852 /* ConvergenceError.swift in Sources */ = {isa = PBXBuildFile; fileRef = 81483C8320A6599F00D1D852 /* ConvergenceError.swift */; };
		81A87D9C209BD215003FF3ED /* VectorSurf.swift in Sources */ = {isa = PBXBuildFile; fileRef = 81A87D9B209BD215003FF3ED /* VectorSurf.swift */; };
		81A87D9D209BD215003FF3ED /* VectorSurf.swift in Sources */ = {isa = PBXBuildFile; fileRef = 81A87D9B209BD215003FF3ED /* VectorSurf.swift */; };
		81A87D9E209BECF6003FF3ED /* Cubic.swift in Sources */ = {isa = PBXBuildFile; fileRef = 811E41291FFB153400E1250A /* Cubic.swift */; };
		81A87D9F209BECFF003FF3ED /* Mesh.swift in Sources */ = {isa = PBXBuildFile; fileRef = 811E41651FFB178D00E1250A /* Mesh.swift */; };
		81A87DA0209BED07003FF3ED /* EdgeShare.swift in Sources */ = {isa = PBXBuildFile; fileRef = 811E41691FFB1D1100E1250A /* EdgeShare.swift */; };
		81A87DA1209BED0D003FF3ED /* Facet.swift in Sources */ = {isa = PBXBuildFile; fileRef = 811E416B1FFB1D1900E1250A /* Facet.swift */; };
		81A87E3420A37C68003FF3ED /* ParameterRangeErrorUno.swift in Sources */ = {isa = PBXBuildFile; fileRef = 81A87E3320A37C68003FF3ED /* ParameterRangeErrorUno.swift */; };
		81A87E3620A37C84003FF3ED /* CurveUV.swift in Sources */ = {isa = PBXBuildFile; fileRef = 81A87E3520A37C84003FF3ED /* CurveUV.swift */; };
		81A87E3720A37C84003FF3ED /* CurveUV.swift in Sources */ = {isa = PBXBuildFile; fileRef = 81A87E3520A37C84003FF3ED /* CurveUV.swift */; };
		81A87E3820A37F3A003FF3ED /* ParameterRangeErrorUno.swift in Sources */ = {isa = PBXBuildFile; fileRef = 81A87E3320A37C68003FF3ED /* ParameterRangeErrorUno.swift */; };
		81F22FB320AD2E1200418E5A /* Sculpt.swift in Sources */ = {isa = PBXBuildFile; fileRef = 811E41631FFB15F400E1250A /* Sculpt.swift */; };
		81F22FB520B21A2300418E5A /* PointPair.swift in Sources */ = {isa = PBXBuildFile; fileRef = 81F22FB420B21A2300418E5A /* PointPair.swift */; };
		81F22FB620B21A2300418E5A /* PointPair.swift in Sources */ = {isa = PBXBuildFile; fileRef = 81F22FB420B21A2300418E5A /* PointPair.swift */; };
/* End PBXBuildFile section */

/* Begin PBXContainerItemProxy section */
		811E41191FFB130200E1250A /* PBXContainerItemProxy */ = {
			isa = PBXContainerItemProxy;
			containerPortal = 811E40FC1FFB130200E1250A /* Project object */;
			proxyType = 1;
			remoteGlobalIDString = 811E41031FFB130200E1250A;
			remoteInfo = SurfaceCrib;
		};
/* End PBXContainerItemProxy section */

/* Begin PBXFileReference section */
		811E41041FFB130200E1250A /* SurfaceCrib.app */ = {isa = PBXFileReference; explicitFileType = wrapper.application; includeInIndex = 0; path = SurfaceCrib.app; sourceTree = BUILT_PRODUCTS_DIR; };
		811E41071FFB130200E1250A /* AppDelegate.swift */ = {isa = PBXFileReference; lastKnownFileType = sourcecode.swift; path = AppDelegate.swift; sourceTree = "<group>"; };
		811E41091FFB130200E1250A /* ViewController.swift */ = {isa = PBXFileReference; lastKnownFileType = sourcecode.swift; path = ViewController.swift; sourceTree = "<group>"; };
		811E410C1FFB130200E1250A /* Base */ = {isa = PBXFileReference; lastKnownFileType = file.storyboard; name = Base; path = Base.lproj/Main.storyboard; sourceTree = "<group>"; };
		811E410E1FFB130200E1250A /* Assets.xcassets */ = {isa = PBXFileReference; lastKnownFileType = folder.assetcatalog; path = Assets.xcassets; sourceTree = "<group>"; };
		811E41111FFB130200E1250A /* Base */ = {isa = PBXFileReference; lastKnownFileType = file.storyboard; name = Base; path = Base.lproj/LaunchScreen.storyboard; sourceTree = "<group>"; };
		811E41131FFB130200E1250A /* Info.plist */ = {isa = PBXFileReference; lastKnownFileType = text.plist.xml; path = Info.plist; sourceTree = "<group>"; };
		811E41181FFB130200E1250A /* SurfaceCribTests.xctest */ = {isa = PBXFileReference; explicitFileType = wrapper.cfbundle; includeInIndex = 0; path = SurfaceCribTests.xctest; sourceTree = BUILT_PRODUCTS_DIR; };
		811E411C1FFB130200E1250A /* SurfaceCribTests.swift */ = {isa = PBXFileReference; lastKnownFileType = sourcecode.swift; path = SurfaceCribTests.swift; sourceTree = "<group>"; };
		811E411E1FFB130200E1250A /* Info.plist */ = {isa = PBXFileReference; lastKnownFileType = text.plist.xml; path = Info.plist; sourceTree = "<group>"; };
		811E41271FFB153400E1250A /* Bicubic.swift */ = {isa = PBXFileReference; fileEncoding = 4; lastKnownFileType = sourcecode.swift; path = Bicubic.swift; sourceTree = "<group>"; };
		811E41281FFB153400E1250A /* Easel.swift */ = {isa = PBXFileReference; fileEncoding = 4; lastKnownFileType = sourcecode.swift; path = Easel.swift; sourceTree = "<group>"; };
		811E41291FFB153400E1250A /* Cubic.swift */ = {isa = PBXFileReference; fileEncoding = 4; lastKnownFileType = sourcecode.swift; path = Cubic.swift; sourceTree = "<group>"; };
		811E412A1FFB153400E1250A /* CoincidentPlanesError.swift */ = {isa = PBXFileReference; fileEncoding = 4; lastKnownFileType = sourcecode.swift; path = CoincidentPlanesError.swift; sourceTree = "<group>"; };
		811E412B1FFB153400E1250A /* CoincidentLinesError.swift */ = {isa = PBXFileReference; fileEncoding = 4; lastKnownFileType = sourcecode.swift; path = CoincidentLinesError.swift; sourceTree = "<group>"; };
		811E412C1FFB153400E1250A /* IdenticalVectorError.swift */ = {isa = PBXFileReference; fileEncoding = 4; lastKnownFileType = sourcecode.swift; path = IdenticalVectorError.swift; sourceTree = "<group>"; };
		811E412D1FFB153500E1250A /* CoordinateSystem.swift */ = {isa = PBXFileReference; fileEncoding = 4; lastKnownFileType = sourcecode.swift; path = CoordinateSystem.swift; sourceTree = "<group>"; };
		811E412E1FFB153500E1250A /* CoincidentPointsError.swift */ = {isa = PBXFileReference; fileEncoding = 4; lastKnownFileType = sourcecode.swift; path = CoincidentPointsError.swift; sourceTree = "<group>"; };
		811E41371FFB154200E1250A /* ArcPointsError.swift */ = {isa = PBXFileReference; fileEncoding = 4; lastKnownFileType = sourcecode.swift; path = ArcPointsError.swift; sourceTree = "<group>"; };
		811E413C1FFB155200E1250A /* NonCoPlanarLinesError.swift */ = {isa = PBXFileReference; fileEncoding = 4; lastKnownFileType = sourcecode.swift; path = NonCoPlanarLinesError.swift; sourceTree = "<group>"; };
		811E413D1FFB155200E1250A /* ParallelError.swift */ = {isa = PBXFileReference; fileEncoding = 4; lastKnownFileType = sourcecode.swift; path = ParallelError.swift; sourceTree = "<group>"; };
		811E413E1FFB155200E1250A /* ParallelPlanesError.swift */ = {isa = PBXFileReference; fileEncoding = 4; lastKnownFileType = sourcecode.swift; path = ParallelPlanesError.swift; sourceTree = "<group>"; };
		811E413F1FFB155200E1250A /* Transform.swift */ = {isa = PBXFileReference; fileEncoding = 4; lastKnownFileType = sourcecode.swift; path = Transform.swift; sourceTree = "<group>"; };
		811E41401FFB155200E1250A /* NonUnitDirectionError.swift */ = {isa = PBXFileReference; fileEncoding = 4; lastKnownFileType = sourcecode.swift; path = NonUnitDirectionError.swift; sourceTree = "<group>"; };
		811E41411FFB155200E1250A /* Point3D.swift */ = {isa = PBXFileReference; fileEncoding = 4; lastKnownFileType = sourcecode.swift; path = Point3D.swift; sourceTree = "<group>"; };
		811E41421FFB155300E1250A /* PointSurf.swift */ = {isa = PBXFileReference; fileEncoding = 4; lastKnownFileType = sourcecode.swift; path = PointSurf.swift; sourceTree = "<group>"; };
		811E41431FFB155300E1250A /* NonOrthogonalCSYSError.swift */ = {isa = PBXFileReference; fileEncoding = 4; lastKnownFileType = sourcecode.swift; path = NonOrthogonalCSYSError.swift; sourceTree = "<group>"; };
		811E41441FFB155300E1250A /* LineSeg.swift */ = {isa = PBXFileReference; fileEncoding = 4; lastKnownFileType = sourcecode.swift; path = LineSeg.swift; sourceTree = "<group>"; };
		811E41451FFB155300E1250A /* ParallelLinesError.swift */ = {isa = PBXFileReference; fileEncoding = 4; lastKnownFileType = sourcecode.swift; path = ParallelLinesError.swift; sourceTree = "<group>"; };
		811E41461FFB155300E1250A /* Plane.swift */ = {isa = PBXFileReference; fileEncoding = 4; lastKnownFileType = sourcecode.swift; path = Plane.swift; sourceTree = "<group>"; };
		811E41471FFB155300E1250A /* SurfaceInputError.swift */ = {isa = PBXFileReference; fileEncoding = 4; lastKnownFileType = sourcecode.swift; path = SurfaceInputError.swift; sourceTree = "<group>"; };
		811E41481FFB155300E1250A /* OrthoVol.swift */ = {isa = PBXFileReference; fileEncoding = 4; lastKnownFileType = sourcecode.swift; path = OrthoVol.swift; sourceTree = "<group>"; };
		811E41491FFB155300E1250A /* PenTypes.swift */ = {isa = PBXFileReference; fileEncoding = 4; lastKnownFileType = sourcecode.swift; path = PenTypes.swift; sourceTree = "<group>"; };
		811E414A1FFB155400E1250A /* Vector3D.swift */ = {isa = PBXFileReference; fileEncoding = 4; lastKnownFileType = sourcecode.swift; path = Vector3D.swift; sourceTree = "<group>"; };
		811E414B1FFB155400E1250A /* Line.swift */ = {isa = PBXFileReference; fileEncoding = 4; lastKnownFileType = sourcecode.swift; path = Line.swift; sourceTree = "<group>"; };
		811E414C1FFB155400E1250A /* PenCurve.swift */ = {isa = PBXFileReference; fileEncoding = 4; lastKnownFileType = sourcecode.swift; path = PenCurve.swift; sourceTree = "<group>"; };
		811E415F1FFB156100E1250A /* ZeroVectorError.swift */ = {isa = PBXFileReference; fileEncoding = 4; lastKnownFileType = sourcecode.swift; path = ZeroVectorError.swift; sourceTree = "<group>"; };
		811E41611FFB15E900E1250A /* ParameterRangeErrorDos.swift */ = {isa = PBXFileReference; fileEncoding = 4; lastKnownFileType = sourcecode.swift; path = ParameterRangeErrorDos.swift; sourceTree = "<group>"; };
		811E41631FFB15F400E1250A /* Sculpt.swift */ = {isa = PBXFileReference; fileEncoding = 4; lastKnownFileType = sourcecode.swift; path = Sculpt.swift; sourceTree = "<group>"; };
		811E41651FFB178D00E1250A /* Mesh.swift */ = {isa = PBXFileReference; fileEncoding = 4; lastKnownFileType = sourcecode.swift; path = Mesh.swift; sourceTree = "<group>"; };
		811E41671FFB1AD600E1250A /* writeSTL.swift */ = {isa = PBXFileReference; fileEncoding = 4; lastKnownFileType = sourcecode.swift; path = writeSTL.swift; sourceTree = "<group>"; };
		811E41691FFB1D1100E1250A /* EdgeShare.swift */ = {isa = PBXFileReference; fileEncoding = 4; lastKnownFileType = sourcecode.swift; path = EdgeShare.swift; sourceTree = "<group>"; };
		811E416B1FFB1D1900E1250A /* Facet.swift */ = {isa = PBXFileReference; fileEncoding = 4; lastKnownFileType = sourcecode.swift; path = Facet.swift; sourceTree = "<group>"; };
		811E416D1FFB1D2F00E1250A /* TriangleError.swift */ = {isa = PBXFileReference; fileEncoding = 4; lastKnownFileType = sourcecode.swift; path = TriangleError.swift; sourceTree = "<group>"; };
		811E416F1FFB204900E1250A /* EdgeOverflowError.swift */ = {isa = PBXFileReference; fileEncoding = 4; lastKnownFileType = sourcecode.swift; path = EdgeOverflowError.swift; sourceTree = "<group>"; };
		811E41711FFB26EF00E1250A /* BicubicTests.swift */ = {isa = PBXFileReference; fileEncoding = 4; lastKnownFileType = sourcecode.swift; path = BicubicTests.swift; sourceTree = "<group>"; };
		811E41741FFB4E8800E1250A /* SurfTypes.swift */ = {isa = PBXFileReference; lastKnownFileType = sourcecode.swift; path = SurfTypes.swift; sourceTree = "<group>"; };
		81483C8020A4C13B00D1D852 /* ExtentUV.swift */ = {isa = PBXFileReference; lastKnownFileType = sourcecode.swift; path = ExtentUV.swift; sourceTree = "<group>"; };
		81483C8320A6599F00D1D852 /* ConvergenceError.swift */ = {isa = PBXFileReference; lastKnownFileType = sourcecode.swift; path = ConvergenceError.swift; sourceTree = "<group>"; };
		81A87D9B209BD215003FF3ED /* VectorSurf.swift */ = {isa = PBXFileReference; fileEncoding = 4; lastKnownFileType = sourcecode.swift; path = VectorSurf.swift; sourceTree = "<group>"; };
		81A87E3320A37C68003FF3ED /* ParameterRangeErrorUno.swift */ = {isa = PBXFileReference; fileEncoding = 4; lastKnownFileType = sourcecode.swift; path = ParameterRangeErrorUno.swift; sourceTree = "<group>"; };
		81A87E3520A37C84003FF3ED /* CurveUV.swift */ = {isa = PBXFileReference; lastKnownFileType = sourcecode.swift; path = CurveUV.swift; sourceTree = "<group>"; };
		81F22FB420B21A2300418E5A /* PointPair.swift */ = {isa = PBXFileReference; lastKnownFileType = sourcecode.swift; path = PointPair.swift; sourceTree = "<group>"; };
/* End PBXFileReference section */

/* Begin PBXFrameworksBuildPhase section */
		811E41011FFB130200E1250A /* Frameworks */ = {
			isa = PBXFrameworksBuildPhase;
			buildActionMask = 2147483647;
			files = (
			);
			runOnlyForDeploymentPostprocessing = 0;
		};
		811E41151FFB130200E1250A /* Frameworks */ = {
			isa = PBXFrameworksBuildPhase;
			buildActionMask = 2147483647;
			files = (
			);
			runOnlyForDeploymentPostprocessing = 0;
		};
/* End PBXFrameworksBuildPhase section */

/* Begin PBXGroup section */
		811E40FB1FFB130200E1250A = {
			isa = PBXGroup;
			children = (
				811E41061FFB130200E1250A /* SurfaceCrib */,
				811E411B1FFB130200E1250A /* SurfaceCribTests */,
				811E41051FFB130200E1250A /* Products */,
			);
			sourceTree = "<group>";
		};
		811E41051FFB130200E1250A /* Products */ = {
			isa = PBXGroup;
			children = (
				811E41041FFB130200E1250A /* SurfaceCrib.app */,
				811E41181FFB130200E1250A /* SurfaceCribTests.xctest */,
			);
			name = Products;
			sourceTree = "<group>";
		};
		811E41061FFB130200E1250A /* SurfaceCrib */ = {
			isa = PBXGroup;
			children = (
				811E41631FFB15F400E1250A /* Sculpt.swift */,
				811E41271FFB153400E1250A /* Bicubic.swift */,
				81A87E3520A37C84003FF3ED /* CurveUV.swift */,
				811E41421FFB155300E1250A /* PointSurf.swift */,
				81A87D9B209BD215003FF3ED /* VectorSurf.swift */,
				81F22FB420B21A2300418E5A /* PointPair.swift */,
				81483C8020A4C13B00D1D852 /* ExtentUV.swift */,
				811E41281FFB153400E1250A /* Easel.swift */,
				811E41651FFB178D00E1250A /* Mesh.swift */,
				811E41691FFB1D1100E1250A /* EdgeShare.swift */,
				811E416B1FFB1D1900E1250A /* Facet.swift */,
				811E41741FFB4E8800E1250A /* SurfTypes.swift */,
				811E414B1FFB155400E1250A /* Line.swift */,
				811E41441FFB155300E1250A /* LineSeg.swift */,
				811E41291FFB153400E1250A /* Cubic.swift */,
				811E41481FFB155300E1250A /* OrthoVol.swift */,
				811E414C1FFB155400E1250A /* PenCurve.swift */,
				811E41491FFB155300E1250A /* PenTypes.swift */,
				811E41461FFB155300E1250A /* Plane.swift */,
				811E412D1FFB153500E1250A /* CoordinateSystem.swift */,
				811E41411FFB155200E1250A /* Point3D.swift */,
				811E413F1FFB155200E1250A /* Transform.swift */,
				811E414A1FFB155400E1250A /* Vector3D.swift */,
				811E41731FFB2F6D00E1250A /* Errors */,
				811E41671FFB1AD600E1250A /* writeSTL.swift */,
				811E41071FFB130200E1250A /* AppDelegate.swift */,
				811E41091FFB130200E1250A /* ViewController.swift */,
				811E410B1FFB130200E1250A /* Main.storyboard */,
				811E410E1FFB130200E1250A /* Assets.xcassets */,
				811E41101FFB130200E1250A /* LaunchScreen.storyboard */,
				811E41131FFB130200E1250A /* Info.plist */,
			);
			path = SurfaceCrib;
			sourceTree = "<group>";
		};
		811E411B1FFB130200E1250A /* SurfaceCribTests */ = {
			isa = PBXGroup;
			children = (
				811E41711FFB26EF00E1250A /* BicubicTests.swift */,
				811E411C1FFB130200E1250A /* SurfaceCribTests.swift */,
				811E411E1FFB130200E1250A /* Info.plist */,
			);
			path = SurfaceCribTests;
			sourceTree = "<group>";
		};
		811E41731FFB2F6D00E1250A /* Errors */ = {
			isa = PBXGroup;
			children = (
				81483C8320A6599F00D1D852 /* ConvergenceError.swift */,
				81A87E3320A37C68003FF3ED /* ParameterRangeErrorUno.swift */,
				811E41371FFB154200E1250A /* ArcPointsError.swift */,
				811E412B1FFB153400E1250A /* CoincidentLinesError.swift */,
				811E412A1FFB153400E1250A /* CoincidentPlanesError.swift */,
				811E412E1FFB153500E1250A /* CoincidentPointsError.swift */,
				811E416F1FFB204900E1250A /* EdgeOverflowError.swift */,
				811E412C1FFB153400E1250A /* IdenticalVectorError.swift */,
				811E413C1FFB155200E1250A /* NonCoPlanarLinesError.swift */,
				811E41431FFB155300E1250A /* NonOrthogonalCSYSError.swift */,
				811E41401FFB155200E1250A /* NonUnitDirectionError.swift */,
				811E413D1FFB155200E1250A /* ParallelError.swift */,
				811E41451FFB155300E1250A /* ParallelLinesError.swift */,
				811E413E1FFB155200E1250A /* ParallelPlanesError.swift */,
				811E41611FFB15E900E1250A /* ParameterRangeErrorDos.swift */,
				811E41471FFB155300E1250A /* SurfaceInputError.swift */,
				811E416D1FFB1D2F00E1250A /* TriangleError.swift */,
				811E415F1FFB156100E1250A /* ZeroVectorError.swift */,
			);
			path = Errors;
			sourceTree = "<group>";
		};
/* End PBXGroup section */

/* Begin PBXNativeTarget section */
		811E41031FFB130200E1250A /* SurfaceCrib */ = {
			isa = PBXNativeTarget;
			buildConfigurationList = 811E41211FFB130200E1250A /* Build configuration list for PBXNativeTarget "SurfaceCrib" */;
			buildPhases = (
				811E41001FFB130200E1250A /* Sources */,
				811E41011FFB130200E1250A /* Frameworks */,
				811E41021FFB130200E1250A /* Resources */,
			);
			buildRules = (
			);
			dependencies = (
			);
			name = SurfaceCrib;
			productName = SurfaceCrib;
			productReference = 811E41041FFB130200E1250A /* SurfaceCrib.app */;
			productType = "com.apple.product-type.application";
		};
		811E41171FFB130200E1250A /* SurfaceCribTests */ = {
			isa = PBXNativeTarget;
			buildConfigurationList = 811E41241FFB130200E1250A /* Build configuration list for PBXNativeTarget "SurfaceCribTests" */;
			buildPhases = (
				811E41141FFB130200E1250A /* Sources */,
				811E41151FFB130200E1250A /* Frameworks */,
				811E41161FFB130200E1250A /* Resources */,
			);
			buildRules = (
			);
			dependencies = (
				811E411A1FFB130200E1250A /* PBXTargetDependency */,
			);
			name = SurfaceCribTests;
			productName = SurfaceCribTests;
			productReference = 811E41181FFB130200E1250A /* SurfaceCribTests.xctest */;
			productType = "com.apple.product-type.bundle.unit-test";
		};
/* End PBXNativeTarget section */

/* Begin PBXProject section */
		811E40FC1FFB130200E1250A /* Project object */ = {
			isa = PBXProject;
			attributes = {
				LastSwiftUpdateCheck = 0920;
				LastUpgradeCheck = 0930;
				ORGANIZATIONNAME = "Ceran Digital Media";
				TargetAttributes = {
					811E41031FFB130200E1250A = {
						CreatedOnToolsVersion = 9.2;
						ProvisioningStyle = Automatic;
					};
					811E41171FFB130200E1250A = {
						CreatedOnToolsVersion = 9.2;
						ProvisioningStyle = Automatic;
						TestTargetID = 811E41031FFB130200E1250A;
					};
				};
			};
			buildConfigurationList = 811E40FF1FFB130200E1250A /* Build configuration list for PBXProject "SurfaceCrib" */;
			compatibilityVersion = "Xcode 8.0";
			developmentRegion = en;
			hasScannedForEncodings = 0;
			knownRegions = (
				en,
				Base,
			);
			mainGroup = 811E40FB1FFB130200E1250A;
			productRefGroup = 811E41051FFB130200E1250A /* Products */;
			projectDirPath = "";
			projectRoot = "";
			targets = (
				811E41031FFB130200E1250A /* SurfaceCrib */,
				811E41171FFB130200E1250A /* SurfaceCribTests */,
			);
		};
/* End PBXProject section */

/* Begin PBXResourcesBuildPhase section */
		811E41021FFB130200E1250A /* Resources */ = {
			isa = PBXResourcesBuildPhase;
			buildActionMask = 2147483647;
			files = (
				811E41121FFB130200E1250A /* LaunchScreen.storyboard in Resources */,
				811E410F1FFB130200E1250A /* Assets.xcassets in Resources */,
				811E410D1FFB130200E1250A /* Main.storyboard in Resources */,
			);
			runOnlyForDeploymentPostprocessing = 0;
		};
		811E41161FFB130200E1250A /* Resources */ = {
			isa = PBXResourcesBuildPhase;
			buildActionMask = 2147483647;
			files = (
			);
			runOnlyForDeploymentPostprocessing = 0;
		};
/* End PBXResourcesBuildPhase section */

/* Begin PBXSourcesBuildPhase section */
		811E41001FFB130200E1250A /* Sources */ = {
			isa = PBXSourcesBuildPhase;
			buildActionMask = 2147483647;
			files = (
				811E41531FFB155400E1250A /* Point3D.swift in Sources */,
				811E41551FFB155400E1250A /* NonOrthogonalCSYSError.swift in Sources */,
				811E41571FFB155400E1250A /* ParallelLinesError.swift in Sources */,
				811E41301FFB153500E1250A /* Easel.swift in Sources */,
				81F22FB520B21A2300418E5A /* PointPair.swift in Sources */,
				811E41591FFB155400E1250A /* SurfaceInputError.swift in Sources */,
				811E410A1FFB130200E1250A /* ViewController.swift in Sources */,
				811E41351FFB153500E1250A /* CoordinateSystem.swift in Sources */,
				81A87D9C209BD215003FF3ED /* VectorSurf.swift in Sources */,
				811E416E1FFB1D3000E1250A /* TriangleError.swift in Sources */,
				811E415D1FFB155400E1250A /* Line.swift in Sources */,
				811E414F1FFB155400E1250A /* ParallelError.swift in Sources */,
				811E41561FFB155400E1250A /* LineSeg.swift in Sources */,
				811E415E1FFB155400E1250A /* PenCurve.swift in Sources */,
				811E41391FFB154200E1250A /* ArcPointsError.swift in Sources */,
				811E41511FFB155400E1250A /* Transform.swift in Sources */,
				811E416A1FFB1D1100E1250A /* EdgeShare.swift in Sources */,
				811E41661FFB178E00E1250A /* Mesh.swift in Sources */,
				811E41681FFB1AD600E1250A /* writeSTL.swift in Sources */,
				81483C8420A659A000D1D852 /* ConvergenceError.swift in Sources */,
				811E41361FFB153500E1250A /* CoincidentPointsError.swift in Sources */,
				811E415B1FFB155400E1250A /* PenTypes.swift in Sources */,
				811E41081FFB130200E1250A /* AppDelegate.swift in Sources */,
				811E41521FFB155400E1250A /* NonUnitDirectionError.swift in Sources */,
				811E41331FFB153500E1250A /* CoincidentLinesError.swift in Sources */,
				811E41321FFB153500E1250A /* CoincidentPlanesError.swift in Sources */,
				811E41621FFB15E900E1250A /* ParameterRangeErrorDos.swift in Sources */,
				811E414E1FFB155400E1250A /* NonCoPlanarLinesError.swift in Sources */,
				81A87E3620A37C84003FF3ED /* CurveUV.swift in Sources */,
				811E41311FFB153500E1250A /* Cubic.swift in Sources */,
				811E41541FFB155400E1250A /* PointSurf.swift in Sources */,
				811E41641FFB15F500E1250A /* Sculpt.swift in Sources */,
				81483C8120A4C13B00D1D852 /* ExtentUV.swift in Sources */,
				811E412F1FFB153500E1250A /* Bicubic.swift in Sources */,
				811E41751FFB4E8800E1250A /* SurfTypes.swift in Sources */,
				811E415A1FFB155400E1250A /* OrthoVol.swift in Sources */,
				811E41501FFB155400E1250A /* ParallelPlanesError.swift in Sources */,
				81A87E3420A37C68003FF3ED /* ParameterRangeErrorUno.swift in Sources */,
				811E41581FFB155400E1250A /* Plane.swift in Sources */,
				811E416C1FFB1D1900E1250A /* Facet.swift in Sources */,
				811E41341FFB153500E1250A /* IdenticalVectorError.swift in Sources */,
				811E41601FFB156100E1250A /* ZeroVectorError.swift in Sources */,
				811E415C1FFB155400E1250A /* Vector3D.swift in Sources */,
				811E41701FFB204900E1250A /* EdgeOverflowError.swift in Sources */,
			);
			runOnlyForDeploymentPostprocessing = 0;
		};
		811E41141FFB130200E1250A /* Sources */ = {
			isa = PBXSourcesBuildPhase;
			buildActionMask = 2147483647;
			files = (
				811E41921FFC683700E1250A /* Plane.swift in Sources */,
				811E411D1FFB130200E1250A /* SurfaceCribTests.swift in Sources */,
				811E41851FFC678300E1250A /* IdenticalVectorError.swift in Sources */,
				811E417B1FFC66D500E1250A /* PenTypes.swift in Sources */,
				811E41881FFC67E100E1250A /* CoincidentLinesError.swift in Sources */,
				811E41861FFC67A100E1250A /* NonUnitDirectionError.swift in Sources */,
				811E418B1FFC680100E1250A /* EdgeOverflowError.swift in Sources */,
				811E41901FFC681C00E1250A /* ParallelPlanesError.swift in Sources */,
				81F22FB620B21A2300418E5A /* PointPair.swift in Sources */,
				811E41791FFC66B500E1250A /* LineSeg.swift in Sources */,
				811E41911FFC682200E1250A /* TriangleError.swift in Sources */,
				811E41801FFC673700E1250A /* Bicubic.swift in Sources */,
				811E41811FFC675400E1250A /* PointSurf.swift in Sources */,
				811E418F1FFC681600E1250A /* ParallelLinesError.swift in Sources */,
				81A87DA0209BED07003FF3ED /* EdgeShare.swift in Sources */,
				811E41841FFC677E00E1250A /* ZeroVectorError.swift in Sources */,
				81A87E3720A37C84003FF3ED /* CurveUV.swift in Sources */,
				81A87D9F209BECFF003FF3ED /* Mesh.swift in Sources */,
				811E418A1FFC67F900E1250A /* CoordinateSystem.swift in Sources */,
				81A87DA1209BED0D003FF3ED /* Facet.swift in Sources */,
				81A87E3820A37F3A003FF3ED /* ParameterRangeErrorUno.swift in Sources */,
				811E41831FFC676700E1250A /* ParameterRangeErrorDos.swift in Sources */,
				811E41771FFC669E00E1250A /* Point3D.swift in Sources */,
				811E41761FFB4E8800E1250A /* SurfTypes.swift in Sources */,
				811E418C1FFC680600E1250A /* NonCoPlanarLinesError.swift in Sources */,
				811E418D1FFC680B00E1250A /* NonOrthogonalCSYSError.swift in Sources */,
				811E417A1FFC66D000E1250A /* PenCurve.swift in Sources */,
				811E417C1FFC66DE00E1250A /* CoincidentPointsError.swift in Sources */,
				811E41781FFC66AE00E1250A /* Vector3D.swift in Sources */,
				811E417E1FFC66FE00E1250A /* OrthoVol.swift in Sources */,
				811E41721FFB26EF00E1250A /* BicubicTests.swift in Sources */,
				811E41871FFC67DD00E1250A /* ArcPointsError.swift in Sources */,
				811E418E1FFC681100E1250A /* ParallelError.swift in Sources */,
				811E417F1FFC670400E1250A /* Transform.swift in Sources */,
				81F22FB320AD2E1200418E5A /* Sculpt.swift in Sources */,
				811E41891FFC67E500E1250A /* CoincidentPlanesError.swift in Sources */,
				81483C8520A659A000D1D852 /* ConvergenceError.swift in Sources */,
				811E417D1FFC66F800E1250A /* Line.swift in Sources */,
				81A87D9D209BD215003FF3ED /* VectorSurf.swift in Sources */,
				81483C8220A4C13B00D1D852 /* ExtentUV.swift in Sources */,
				81A87D9E209BECF6003FF3ED /* Cubic.swift in Sources */,
				811E41821FFC676100E1250A /* SurfaceInputError.swift in Sources */,
			);
			runOnlyForDeploymentPostprocessing = 0;
		};
/* End PBXSourcesBuildPhase section */

/* Begin PBXTargetDependency section */
		811E411A1FFB130200E1250A /* PBXTargetDependency */ = {
			isa = PBXTargetDependency;
			target = 811E41031FFB130200E1250A /* SurfaceCrib */;
			targetProxy = 811E41191FFB130200E1250A /* PBXContainerItemProxy */;
		};
/* End PBXTargetDependency section */

/* Begin PBXVariantGroup section */
		811E410B1FFB130200E1250A /* Main.storyboard */ = {
			isa = PBXVariantGroup;
			children = (
				811E410C1FFB130200E1250A /* Base */,
			);
			name = Main.storyboard;
			sourceTree = "<group>";
		};
		811E41101FFB130200E1250A /* LaunchScreen.storyboard */ = {
			isa = PBXVariantGroup;
			children = (
				811E41111FFB130200E1250A /* Base */,
			);
			name = LaunchScreen.storyboard;
			sourceTree = "<group>";
		};
/* End PBXVariantGroup section */

/* Begin XCBuildConfiguration section */
		811E411F1FFB130200E1250A /* Debug */ = {
			isa = XCBuildConfiguration;
			buildSettings = {
				ALWAYS_SEARCH_USER_PATHS = NO;
				CLANG_ANALYZER_NONNULL = YES;
				CLANG_ANALYZER_NUMBER_OBJECT_CONVERSION = YES_AGGRESSIVE;
				CLANG_CXX_LANGUAGE_STANDARD = "gnu++14";
				CLANG_CXX_LIBRARY = "libc++";
				CLANG_ENABLE_MODULES = YES;
				CLANG_ENABLE_OBJC_ARC = YES;
				CLANG_WARN_BLOCK_CAPTURE_AUTORELEASING = YES;
				CLANG_WARN_BOOL_CONVERSION = YES;
				CLANG_WARN_COMMA = YES;
				CLANG_WARN_CONSTANT_CONVERSION = YES;
				CLANG_WARN_DEPRECATED_OBJC_IMPLEMENTATIONS = YES;
				CLANG_WARN_DIRECT_OBJC_ISA_USAGE = YES_ERROR;
				CLANG_WARN_DOCUMENTATION_COMMENTS = YES;
				CLANG_WARN_EMPTY_BODY = YES;
				CLANG_WARN_ENUM_CONVERSION = YES;
				CLANG_WARN_INFINITE_RECURSION = YES;
				CLANG_WARN_INT_CONVERSION = YES;
				CLANG_WARN_NON_LITERAL_NULL_CONVERSION = YES;
				CLANG_WARN_OBJC_IMPLICIT_RETAIN_SELF = YES;
				CLANG_WARN_OBJC_LITERAL_CONVERSION = YES;
				CLANG_WARN_OBJC_ROOT_CLASS = YES_ERROR;
				CLANG_WARN_RANGE_LOOP_ANALYSIS = YES;
				CLANG_WARN_STRICT_PROTOTYPES = YES;
				CLANG_WARN_SUSPICIOUS_MOVE = YES;
				CLANG_WARN_UNGUARDED_AVAILABILITY = YES_AGGRESSIVE;
				CLANG_WARN_UNREACHABLE_CODE = YES;
				CLANG_WARN__DUPLICATE_METHOD_MATCH = YES;
				CODE_SIGN_IDENTITY = "iPhone Developer";
				COPY_PHASE_STRIP = NO;
				DEBUG_INFORMATION_FORMAT = dwarf;
				ENABLE_STRICT_OBJC_MSGSEND = YES;
				ENABLE_TESTABILITY = YES;
				GCC_C_LANGUAGE_STANDARD = gnu11;
				GCC_DYNAMIC_NO_PIC = NO;
				GCC_NO_COMMON_BLOCKS = YES;
				GCC_OPTIMIZATION_LEVEL = 0;
				GCC_PREPROCESSOR_DEFINITIONS = (
					"DEBUG=1",
					"$(inherited)",
				);
				GCC_WARN_64_TO_32_BIT_CONVERSION = YES;
				GCC_WARN_ABOUT_RETURN_TYPE = YES_ERROR;
				GCC_WARN_UNDECLARED_SELECTOR = YES;
				GCC_WARN_UNINITIALIZED_AUTOS = YES_AGGRESSIVE;
				GCC_WARN_UNUSED_FUNCTION = YES;
				GCC_WARN_UNUSED_VARIABLE = YES;
				IPHONEOS_DEPLOYMENT_TARGET = 11.3;
				MTL_ENABLE_DEBUG_INFO = YES;
				ONLY_ACTIVE_ARCH = YES;
				SDKROOT = iphoneos;
				SWIFT_ACTIVE_COMPILATION_CONDITIONS = DEBUG;
				SWIFT_OPTIMIZATION_LEVEL = "-Onone";
			};
			name = Debug;
		};
		811E41201FFB130200E1250A /* Release */ = {
			isa = XCBuildConfiguration;
			buildSettings = {
				ALWAYS_SEARCH_USER_PATHS = NO;
				CLANG_ANALYZER_NONNULL = YES;
				CLANG_ANALYZER_NUMBER_OBJECT_CONVERSION = YES_AGGRESSIVE;
				CLANG_CXX_LANGUAGE_STANDARD = "gnu++14";
				CLANG_CXX_LIBRARY = "libc++";
				CLANG_ENABLE_MODULES = YES;
				CLANG_ENABLE_OBJC_ARC = YES;
				CLANG_WARN_BLOCK_CAPTURE_AUTORELEASING = YES;
				CLANG_WARN_BOOL_CONVERSION = YES;
				CLANG_WARN_COMMA = YES;
				CLANG_WARN_CONSTANT_CONVERSION = YES;
				CLANG_WARN_DEPRECATED_OBJC_IMPLEMENTATIONS = YES;
				CLANG_WARN_DIRECT_OBJC_ISA_USAGE = YES_ERROR;
				CLANG_WARN_DOCUMENTATION_COMMENTS = YES;
				CLANG_WARN_EMPTY_BODY = YES;
				CLANG_WARN_ENUM_CONVERSION = YES;
				CLANG_WARN_INFINITE_RECURSION = YES;
				CLANG_WARN_INT_CONVERSION = YES;
				CLANG_WARN_NON_LITERAL_NULL_CONVERSION = YES;
				CLANG_WARN_OBJC_IMPLICIT_RETAIN_SELF = YES;
				CLANG_WARN_OBJC_LITERAL_CONVERSION = YES;
				CLANG_WARN_OBJC_ROOT_CLASS = YES_ERROR;
				CLANG_WARN_RANGE_LOOP_ANALYSIS = YES;
				CLANG_WARN_STRICT_PROTOTYPES = YES;
				CLANG_WARN_SUSPICIOUS_MOVE = YES;
				CLANG_WARN_UNGUARDED_AVAILABILITY = YES_AGGRESSIVE;
				CLANG_WARN_UNREACHABLE_CODE = YES;
				CLANG_WARN__DUPLICATE_METHOD_MATCH = YES;
				CODE_SIGN_IDENTITY = "iPhone Developer";
				COPY_PHASE_STRIP = NO;
				DEBUG_INFORMATION_FORMAT = "dwarf-with-dsym";
				ENABLE_NS_ASSERTIONS = NO;
				ENABLE_STRICT_OBJC_MSGSEND = YES;
				GCC_C_LANGUAGE_STANDARD = gnu11;
				GCC_NO_COMMON_BLOCKS = YES;
				GCC_WARN_64_TO_32_BIT_CONVERSION = YES;
				GCC_WARN_ABOUT_RETURN_TYPE = YES_ERROR;
				GCC_WARN_UNDECLARED_SELECTOR = YES;
				GCC_WARN_UNINITIALIZED_AUTOS = YES_AGGRESSIVE;
				GCC_WARN_UNUSED_FUNCTION = YES;
				GCC_WARN_UNUSED_VARIABLE = YES;
				IPHONEOS_DEPLOYMENT_TARGET = 11.3;
				MTL_ENABLE_DEBUG_INFO = NO;
				SDKROOT = iphoneos;
				SWIFT_OPTIMIZATION_LEVEL = "-Owholemodule";
				VALIDATE_PRODUCT = YES;
			};
			name = Release;
		};
		811E41221FFB130200E1250A /* Debug */ = {
			isa = XCBuildConfiguration;
			buildSettings = {
				ASSETCATALOG_COMPILER_APPICON_NAME = AppIcon;
				CODE_SIGN_STYLE = Automatic;
				DEVELOPMENT_TEAM = K62A888Z9M;
				INFOPLIST_FILE = SurfaceCrib/Info.plist;
				IPHONEOS_DEPLOYMENT_TARGET = 11.3;
				LD_RUNPATH_SEARCH_PATHS = "$(inherited) @executable_path/Frameworks";
				PRODUCT_BUNDLE_IDENTIFIER = com.cerandm.SurfaceCrib;
				PRODUCT_NAME = "$(TARGET_NAME)";
				SWIFT_VERSION = 4.0;
				TARGETED_DEVICE_FAMILY = 2;
			};
			name = Debug;
		};
		811E41231FFB130200E1250A /* Release */ = {
			isa = XCBuildConfiguration;
			buildSettings = {
				ASSETCATALOG_COMPILER_APPICON_NAME = AppIcon;
				CODE_SIGN_STYLE = Automatic;
				DEVELOPMENT_TEAM = K62A888Z9M;
				INFOPLIST_FILE = SurfaceCrib/Info.plist;
				IPHONEOS_DEPLOYMENT_TARGET = 11.3;
				LD_RUNPATH_SEARCH_PATHS = "$(inherited) @executable_path/Frameworks";
				PRODUCT_BUNDLE_IDENTIFIER = com.cerandm.SurfaceCrib;
				PRODUCT_NAME = "$(TARGET_NAME)";
				SWIFT_VERSION = 4.0;
				TARGETED_DEVICE_FAMILY = 2;
			};
			name = Release;
		};
		811E41251FFB130200E1250A /* Debug */ = {
			isa = XCBuildConfiguration;
			buildSettings = {
				ALWAYS_EMBED_SWIFT_STANDARD_LIBRARIES = YES;
				BUNDLE_LOADER = "$(TEST_HOST)";
				CODE_SIGN_STYLE = Automatic;
				DEVELOPMENT_TEAM = K62A888Z9M;
				INFOPLIST_FILE = SurfaceCribTests/Info.plist;
				LD_RUNPATH_SEARCH_PATHS = "$(inherited) @executable_path/Frameworks @loader_path/Frameworks";
				PRODUCT_BUNDLE_IDENTIFIER = com.cerandm.SurfaceCribTests;
				PRODUCT_NAME = "$(TARGET_NAME)";
				SWIFT_VERSION = 4.0;
				TARGETED_DEVICE_FAMILY = "1,2";
				TEST_HOST = "$(BUILT_PRODUCTS_DIR)/SurfaceCrib.app/SurfaceCrib";
			};
			name = Debug;
		};
		811E41261FFB130200E1250A /* Release */ = {
			isa = XCBuildConfiguration;
			buildSettings = {
				ALWAYS_EMBED_SWIFT_STANDARD_LIBRARIES = YES;
				BUNDLE_LOADER = "$(TEST_HOST)";
				CODE_SIGN_STYLE = Automatic;
				DEVELOPMENT_TEAM = K62A888Z9M;
				INFOPLIST_FILE = SurfaceCribTests/Info.plist;
				LD_RUNPATH_SEARCH_PATHS = "$(inherited) @executable_path/Frameworks @loader_path/Frameworks";
				PRODUCT_BUNDLE_IDENTIFIER = com.cerandm.SurfaceCribTests;
				PRODUCT_NAME = "$(TARGET_NAME)";
				SWIFT_VERSION = 4.0;
				TARGETED_DEVICE_FAMILY = "1,2";
				TEST_HOST = "$(BUILT_PRODUCTS_DIR)/SurfaceCrib.app/SurfaceCrib";
			};
			name = Release;
		};
/* End XCBuildConfiguration section */

/* Begin XCConfigurationList section */
		811E40FF1FFB130200E1250A /* Build configuration list for PBXProject "SurfaceCrib" */ = {
			isa = XCConfigurationList;
			buildConfigurations = (
				811E411F1FFB130200E1250A /* Debug */,
				811E41201FFB130200E1250A /* Release */,
			);
			defaultConfigurationIsVisible = 0;
			defaultConfigurationName = Release;
		};
		811E41211FFB130200E1250A /* Build configuration list for PBXNativeTarget "SurfaceCrib" */ = {
			isa = XCConfigurationList;
			buildConfigurations = (
				811E41221FFB130200E1250A /* Debug */,
				811E41231FFB130200E1250A /* Release */,
			);
			defaultConfigurationIsVisible = 0;
			defaultConfigurationName = Release;
		};
		811E41241FFB130200E1250A /* Build configuration list for PBXNativeTarget "SurfaceCribTests" */ = {
			isa = XCConfigurationList;
			buildConfigurations = (
				811E41251FFB130200E1250A /* Debug */,
				811E41261FFB130200E1250A /* Release */,
			);
			defaultConfigurationIsVisible = 0;
			defaultConfigurationName = Release;
		};
/* End XCConfigurationList section */
	};
	rootObject = 811E40FC1FFB130200E1250A /* Project object */;
}
